Microsoft Visual Studio Solution File, Format Version 12.00
# Visual Studio 2012
Project("{FAE04EC0-301F-11D3-BF4B-00C04F79EFBC}") = "Mirage.Godot.Clean", "Mirage.Godot.Clean.csproj", "{A42E67CB-3B80-48E9-8F16-5683C506BBEB}"
EndProject
Global
	GlobalSection(SolutionConfigurationPlatforms) = preSolution
	Debug|Any CPU = Debug|Any CPU
	ExportDebug|Any CPU = ExportDebug|Any CPU
	ExportRelease|Any CPU = ExportRelease|Any CPU
	EndGlobalSection
	GlobalSection(ProjectConfigurationPlatforms) = postSolution
		{A42E67CB-3B80-48E9-8F16-5683C506BBEB}.Debug|Any CPU.ActiveCfg = Debug|Any CPU
		{A42E67CB-3B80-48E9-8F16-5683C506BBEB}.Debug|Any CPU.Build.0 = Debug|Any CPU
		{A42E67CB-3B80-48E9-8F16-5683C506BBEB}.ExportDebug|Any CPU.ActiveCfg = ExportDebug|Any CPU
		{A42E67CB-3B80-48E9-8F16-5683C506BBEB}.ExportDebug|Any CPU.Build.0 = ExportDebug|Any CPU
		{A42E67CB-3B80-48E9-8F16-5683C506BBEB}.ExportRelease|Any CPU.ActiveCfg = ExportRelease|Any CPU
		{A42E67CB-3B80-48E9-8F16-5683C506BBEB}.ExportRelease|Any CPU.Build.0 = ExportRelease|Any CPU
	EndGlobalSection
EndGlobal
